
Microsoft Visual Studio Solution File, Format Version 12.00
# Visual Studio Version 17
VisualStudioVersion = 17.8.34408.163
MinimumVisualStudioVersion = 10.0.40219.1
Project("{9A19103F-16F7-4668-BE54-9A1E7A4F7556}") = "Mission07_Purnell", "Mission06_Purnell\Mission07_Purnell.csproj", "{AAF77A0D-A36F-4332-BE57-10B8D400F72B}"
EndProject
Global
	GlobalSection(SolutionConfigurationPlatforms) = preSolution
		Debug|Any CPU = Debug|Any CPU
		Release|Any CPU = Release|Any CPU
	EndGlobalSection
	GlobalSection(ProjectConfigurationPlatforms) = postSolution
		{AAF77A0D-A36F-4332-BE57-10B8D400F72B}.Debug|Any CPU.ActiveCfg = Debug|Any CPU
		{AAF77A0D-A36F-4332-BE57-10B8D400F72B}.Debug|Any CPU.Build.0 = Debug|Any CPU
		{AAF77A0D-A36F-4332-BE57-10B8D400F72B}.Release|Any CPU.ActiveCfg = Release|Any CPU
		{AAF77A0D-A36F-4332-BE57-10B8D400F72B}.Release|Any CPU.Build.0 = Release|Any CPU
	EndGlobalSection
	GlobalSection(SolutionProperties) = preSolution
		HideSolutionNode = FALSE
	EndGlobalSection
	GlobalSection(ExtensibilityGlobals) = postSolution
		SolutionGuid = {ABFECCAA-313F-4F8E-9B53-A2E82DCD0ABC}
	EndGlobalSection
EndGlobal
